{
  "originHash" : "e6ed540ada35e490e93a39d9315e549e5c9102f16631451389850b59e52eb4cd",
  "pins" : [
    {
      "identity" : "logtools",
      "kind" : "remoteSourceControl",
      "location" : "https://github.com/felfoldy/LogTools",
      "state" : {
        "revision" : "d0b3a0ce92550b2aa9cd3fd6c25a6441d75a8f50",
        "version" : "0.9.0"
      }
    }
  ],
  "version" : 3
}
